version = 1
requires-python = ">=3.11"

[[package]]
name = "cai1-c2"
version = "0.1.0"
source = { virtual = "." }
dependencies = [
    { name = "phe" },
]

[package.metadata]
requires-dist = [{ name = "phe", specifier = ">=1.5.0" }]

[[package]]
name = "phe"
version = "1.5.0"
source = { registry = "https://pypi.org/simple" }
sdist = { url = "https://files.pythonhosted.org/packages/81/47/3efede484a4ca820f0f05c59f3daf60b560f3e397e1eb8df7b37b5657068/phe-1.5.0.tar.gz", hash = "sha256:992fb7091d2427f0d9733946f8f350acdd4d1d012057f2aad364ba79f970339c", size = 51263 }
wheels = [
    { url = "https://files.pythonhosted.org/packages/53/7c/1c514f3e030ff69ee2a184fca3f1514c1d32653ca00869d884b4f981e564/phe-1.5.0-py2.py3-none-any.whl", hash = "sha256:a0d0098e22474b3027cbc0b05e9de2290bc603f1728bf401f498abbdbe795391", size = 53737 },
]
